
Microsoft Visual Studio Solution File, Format Version 12.00
# Visual Studio 15
VisualStudioVersion = 15.0.28307.572
MinimumVisualStudioVersion = 10.0.40219.1
Project("{FAE04EC0-301F-11D3-BF4B-00C04F79EFBC}") = "PickupSticks", "PickupSticks\PickupSticks.csproj", "{454DDED6-7D60-4C18-BC0E-A5C410905913}"
EndProject
Global
	GlobalSection(SolutionConfigurationPlatforms) = preSolution
		Debug|Any CPU = Debug|Any CPU
		Release|Any CPU = Release|Any CPU
	EndGlobalSection
	GlobalSection(ProjectConfigurationPlatforms) = postSolution
		{454DDED6-7D60-4C18-BC0E-A5C410905913}.Debug|Any CPU.ActiveCfg = Debug|Any CPU
		{454DDED6-7D60-4C18-BC0E-A5C410905913}.Debug|Any CPU.Build.0 = Debug|Any CPU
		{454DDED6-7D60-4C18-BC0E-A5C410905913}.Release|Any CPU.ActiveCfg = Release|Any CPU
		{454DDED6-7D60-4C18-BC0E-A5C410905913}.Release|Any CPU.Build.0 = Release|Any CPU
	EndGlobalSection
	GlobalSection(SolutionProperties) = preSolution
		HideSolutionNode = FALSE
	EndGlobalSection
	GlobalSection(ExtensibilityGlobals) = postSolution
		SolutionGuid = {91B1200D-5CE6-4CC0-9AC6-DCD5DD4C0032}
	EndGlobalSection
EndGlobal
